
Microsoft Visual Studio Solution File, Format Version 10.00
# Visual C++ Express 2008
Project("{8BC9CEB8-8B4A-11D0-8D11-00A0C91BC942}") = "decode", "decode\decode.vcproj", "{A7AB143B-205D-4458-8C44-74D0942E59C6}"
EndProject
Project("{8BC9CEB8-8B4A-11D0-8D11-00A0C91BC942}") = "encode", "encode\encode.vcproj", "{3A9226CE-67F0-4BCC-96C6-8DBC3BAF873D}"
EndProject
Global
	GlobalSection(SolutionConfigurationPlatforms) = preSolution
		Debug|Win32 = Debug|Win32
		Release|Win32 = Release|Win32
	EndGlobalSection
	GlobalSection(ProjectConfigurationPlatforms) = postSolution
		{A7AB143B-205D-4458-8C44-74D0942E59C6}.Debug|Win32.ActiveCfg = Debug|Win32
		{A7AB143B-205D-4458-8C44-74D0942E59C6}.Debug|Win32.Build.0 = Debug|Win32
		{A7AB143B-205D-4458-8C44-74D0942E59C6}.Release|Win32.ActiveCfg = Release|Win32
		{A7AB143B-205D-4458-8C44-74D0942E59C6}.Release|Win32.Build.0 = Release|Win32
		{3A9226CE-67F0-4BCC-96C6-8DBC3BAF873D}.Debug|Win32.ActiveCfg = Debug|Win32
		{3A9226CE-67F0-4BCC-96C6-8DBC3BAF873D}.Debug|Win32.Build.0 = Debug|Win32
		{3A9226CE-67F0-4BCC-96C6-8DBC3BAF873D}.Release|Win32.ActiveCfg = Release|Win32
		{3A9226CE-67F0-4BCC-96C6-8DBC3BAF873D}.Release|Win32.Build.0 = Release|Win32
	EndGlobalSection
	GlobalSection(SolutionProperties) = preSolution
		HideSolutionNode = FALSE
	EndGlobalSection
EndGlobal
